
Microsoft Visual Studio Solution File, Format Version 12.00
Project("{FAE04EC0-301F-11D3-BF4B-00C04F79EFBC}") = "day02", "day02\day02.csproj", "{2FE12222-A948-4F31-8BB9-F7F489CA14BE}"
EndProject
Project("{FAE04EC0-301F-11D3-BF4B-00C04F79EFBC}") = "day03", "day03\day03.csproj", "{B94608C4-56B6-43A2-ACF5-9CF5DB5636E6}"
EndProject
Project("{FAE04EC0-301F-11D3-BF4B-00C04F79EFBC}") = "day04", "day04\day04.csproj", "{CC00FA47-E55D-40BC-BF3E-22AF816AE804}"
EndProject
Project("{FAE04EC0-301F-11D3-BF4B-00C04F79EFBC}") = "day05", "day05\day05.csproj", "{C36F18EB-90FC-43F7-93F0-FBF999FB8705}"
EndProject
Project("{FAE04EC0-301F-11D3-BF4B-00C04F79EFBC}") = "day06", "day06\day06.csproj", "{90B403D2-8DAA-4784-A1B1-C0AC5B32CB59}"
EndProject
Global
	GlobalSection(SolutionConfigurationPlatforms) = preSolution
		Debug|Any CPU = Debug|Any CPU
		Release|Any CPU = Release|Any CPU
	EndGlobalSection
	GlobalSection(ProjectConfigurationPlatforms) = postSolution
		{2FE12222-A948-4F31-8BB9-F7F489CA14BE}.Debug|Any CPU.ActiveCfg = Debug|Any CPU
		{2FE12222-A948-4F31-8BB9-F7F489CA14BE}.Debug|Any CPU.Build.0 = Debug|Any CPU
		{2FE12222-A948-4F31-8BB9-F7F489CA14BE}.Release|Any CPU.ActiveCfg = Release|Any CPU
		{2FE12222-A948-4F31-8BB9-F7F489CA14BE}.Release|Any CPU.Build.0 = Release|Any CPU
		{B94608C4-56B6-43A2-ACF5-9CF5DB5636E6}.Debug|Any CPU.ActiveCfg = Debug|Any CPU
		{B94608C4-56B6-43A2-ACF5-9CF5DB5636E6}.Debug|Any CPU.Build.0 = Debug|Any CPU
		{B94608C4-56B6-43A2-ACF5-9CF5DB5636E6}.Release|Any CPU.ActiveCfg = Release|Any CPU
		{B94608C4-56B6-43A2-ACF5-9CF5DB5636E6}.Release|Any CPU.Build.0 = Release|Any CPU
		{CC00FA47-E55D-40BC-BF3E-22AF816AE804}.Debug|Any CPU.ActiveCfg = Debug|Any CPU
		{CC00FA47-E55D-40BC-BF3E-22AF816AE804}.Debug|Any CPU.Build.0 = Debug|Any CPU
		{CC00FA47-E55D-40BC-BF3E-22AF816AE804}.Release|Any CPU.ActiveCfg = Release|Any CPU
		{CC00FA47-E55D-40BC-BF3E-22AF816AE804}.Release|Any CPU.Build.0 = Release|Any CPU
		{C36F18EB-90FC-43F7-93F0-FBF999FB8705}.Debug|Any CPU.ActiveCfg = Debug|Any CPU
		{C36F18EB-90FC-43F7-93F0-FBF999FB8705}.Debug|Any CPU.Build.0 = Debug|Any CPU
		{C36F18EB-90FC-43F7-93F0-FBF999FB8705}.Release|Any CPU.ActiveCfg = Release|Any CPU
		{C36F18EB-90FC-43F7-93F0-FBF999FB8705}.Release|Any CPU.Build.0 = Release|Any CPU
		{90B403D2-8DAA-4784-A1B1-C0AC5B32CB59}.Debug|Any CPU.ActiveCfg = Debug|Any CPU
		{90B403D2-8DAA-4784-A1B1-C0AC5B32CB59}.Debug|Any CPU.Build.0 = Debug|Any CPU
		{90B403D2-8DAA-4784-A1B1-C0AC5B32CB59}.Release|Any CPU.ActiveCfg = Release|Any CPU
		{90B403D2-8DAA-4784-A1B1-C0AC5B32CB59}.Release|Any CPU.Build.0 = Release|Any CPU
	EndGlobalSection
EndGlobal
