
Microsoft Visual Studio Solution File, Format Version 12.00
Project("{FAE04EC0-301F-11D3-BF4B-00C04F79EFBC}") = "day1", "day1\day1.csproj", "{F554AED7-E1D2-4E31-83D2-9F678D891E50}"
EndProject
Project("{FAE04EC0-301F-11D3-BF4B-00C04F79EFBC}") = "day2", "day2\day2.csproj", "{5AFAAC74-F00A-4753-9165-3AB73FB7EBE8}"
EndProject
Project("{FAE04EC0-301F-11D3-BF4B-00C04F79EFBC}") = "day3", "day3\day3.csproj", "{D9422ED7-0D94-4E86-9E8A-BFFC2A45A92F}"
EndProject
Project("{FAE04EC0-301F-11D3-BF4B-00C04F79EFBC}") = "day4", "day4\day4.csproj", "{44ADD7BE-A097-480F-B961-372DEC297CE0}"
EndProject
Project("{FAE04EC0-301F-11D3-BF4B-00C04F79EFBC}") = "day5", "day5\day5.csproj", "{E5117985-E656-4D4A-893E-DA8766D712ED}"
EndProject
Project("{FAE04EC0-301F-11D3-BF4B-00C04F79EFBC}") = "day6", "day6\day6.csproj", "{13AC955A-C196-4187-8D88-2D561FB70A59}"
EndProject
Project("{FAE04EC0-301F-11D3-BF4B-00C04F79EFBC}") = "day7", "day7\day7.csproj", "{FC32A1A9-5F31-4954-BAAF-CB5F1851AC61}"
EndProject
Project("{FAE04EC0-301F-11D3-BF4B-00C04F79EFBC}") = "day8", "day8\day8.csproj", "{81996529-2520-4444-9F33-D6906BD85BEC}"
EndProject
Project("{FAE04EC0-301F-11D3-BF4B-00C04F79EFBC}") = "day9", "day9\day9.csproj", "{E765C976-31A5-4162-A729-8B75389BA615}"
EndProject
Project("{FAE04EC0-301F-11D3-BF4B-00C04F79EFBC}") = "day10", "day10\day10.csproj", "{5A95803D-C887-47A4-B507-61848874FCC7}"
EndProject
Project("{FAE04EC0-301F-11D3-BF4B-00C04F79EFBC}") = "day11", "day11\day11.csproj", "{F4429CF6-C712-4BFF-AB08-29B669A4B9AD}"
EndProject
Project("{FAE04EC0-301F-11D3-BF4B-00C04F79EFBC}") = "day12", "day12\day12.csproj", "{F2E3E6FF-9FB1-481A-82C4-7D0740AD1D68}"
EndProject
Project("{FAE04EC0-301F-11D3-BF4B-00C04F79EFBC}") = "day13", "day13\day13.csproj", "{02A8EF13-BE56-4317-A740-BE18ADA6CFB8}"
EndProject
Project("{FAE04EC0-301F-11D3-BF4B-00C04F79EFBC}") = "day14", "day14\day14.csproj", "{3CE233EB-B9BF-4207-8706-2FE989095B04}"
EndProject
Global
	GlobalSection(SolutionConfigurationPlatforms) = preSolution
		Debug|Any CPU = Debug|Any CPU
		Release|Any CPU = Release|Any CPU
	EndGlobalSection
	GlobalSection(ProjectConfigurationPlatforms) = postSolution
		{F554AED7-E1D2-4E31-83D2-9F678D891E50}.Debug|Any CPU.ActiveCfg = Debug|Any CPU
		{F554AED7-E1D2-4E31-83D2-9F678D891E50}.Debug|Any CPU.Build.0 = Debug|Any CPU
		{F554AED7-E1D2-4E31-83D2-9F678D891E50}.Release|Any CPU.ActiveCfg = Release|Any CPU
		{F554AED7-E1D2-4E31-83D2-9F678D891E50}.Release|Any CPU.Build.0 = Release|Any CPU
		{5AFAAC74-F00A-4753-9165-3AB73FB7EBE8}.Debug|Any CPU.ActiveCfg = Debug|Any CPU
		{5AFAAC74-F00A-4753-9165-3AB73FB7EBE8}.Debug|Any CPU.Build.0 = Debug|Any CPU
		{5AFAAC74-F00A-4753-9165-3AB73FB7EBE8}.Release|Any CPU.ActiveCfg = Release|Any CPU
		{5AFAAC74-F00A-4753-9165-3AB73FB7EBE8}.Release|Any CPU.Build.0 = Release|Any CPU
		{D9422ED7-0D94-4E86-9E8A-BFFC2A45A92F}.Debug|Any CPU.ActiveCfg = Debug|Any CPU
		{D9422ED7-0D94-4E86-9E8A-BFFC2A45A92F}.Debug|Any CPU.Build.0 = Debug|Any CPU
		{D9422ED7-0D94-4E86-9E8A-BFFC2A45A92F}.Release|Any CPU.ActiveCfg = Release|Any CPU
		{D9422ED7-0D94-4E86-9E8A-BFFC2A45A92F}.Release|Any CPU.Build.0 = Release|Any CPU
		{44ADD7BE-A097-480F-B961-372DEC297CE0}.Debug|Any CPU.ActiveCfg = Debug|Any CPU
		{44ADD7BE-A097-480F-B961-372DEC297CE0}.Debug|Any CPU.Build.0 = Debug|Any CPU
		{44ADD7BE-A097-480F-B961-372DEC297CE0}.Release|Any CPU.ActiveCfg = Release|Any CPU
		{44ADD7BE-A097-480F-B961-372DEC297CE0}.Release|Any CPU.Build.0 = Release|Any CPU
		{E5117985-E656-4D4A-893E-DA8766D712ED}.Debug|Any CPU.ActiveCfg = Debug|Any CPU
		{E5117985-E656-4D4A-893E-DA8766D712ED}.Debug|Any CPU.Build.0 = Debug|Any CPU
		{E5117985-E656-4D4A-893E-DA8766D712ED}.Release|Any CPU.ActiveCfg = Release|Any CPU
		{E5117985-E656-4D4A-893E-DA8766D712ED}.Release|Any CPU.Build.0 = Release|Any CPU
		{13AC955A-C196-4187-8D88-2D561FB70A59}.Debug|Any CPU.ActiveCfg = Debug|Any CPU
		{13AC955A-C196-4187-8D88-2D561FB70A59}.Debug|Any CPU.Build.0 = Debug|Any CPU
		{13AC955A-C196-4187-8D88-2D561FB70A59}.Release|Any CPU.ActiveCfg = Release|Any CPU
		{13AC955A-C196-4187-8D88-2D561FB70A59}.Release|Any CPU.Build.0 = Release|Any CPU
		{FC32A1A9-5F31-4954-BAAF-CB5F1851AC61}.Debug|Any CPU.ActiveCfg = Debug|Any CPU
		{FC32A1A9-5F31-4954-BAAF-CB5F1851AC61}.Debug|Any CPU.Build.0 = Debug|Any CPU
		{FC32A1A9-5F31-4954-BAAF-CB5F1851AC61}.Release|Any CPU.ActiveCfg = Release|Any CPU
		{FC32A1A9-5F31-4954-BAAF-CB5F1851AC61}.Release|Any CPU.Build.0 = Release|Any CPU
		{81996529-2520-4444-9F33-D6906BD85BEC}.Debug|Any CPU.ActiveCfg = Debug|Any CPU
		{81996529-2520-4444-9F33-D6906BD85BEC}.Debug|Any CPU.Build.0 = Debug|Any CPU
		{81996529-2520-4444-9F33-D6906BD85BEC}.Release|Any CPU.ActiveCfg = Release|Any CPU
		{81996529-2520-4444-9F33-D6906BD85BEC}.Release|Any CPU.Build.0 = Release|Any CPU
		{E765C976-31A5-4162-A729-8B75389BA615}.Debug|Any CPU.ActiveCfg = Debug|Any CPU
		{E765C976-31A5-4162-A729-8B75389BA615}.Debug|Any CPU.Build.0 = Debug|Any CPU
		{E765C976-31A5-4162-A729-8B75389BA615}.Release|Any CPU.ActiveCfg = Release|Any CPU
		{E765C976-31A5-4162-A729-8B75389BA615}.Release|Any CPU.Build.0 = Release|Any CPU
		{5A95803D-C887-47A4-B507-61848874FCC7}.Debug|Any CPU.ActiveCfg = Debug|Any CPU
		{5A95803D-C887-47A4-B507-61848874FCC7}.Debug|Any CPU.Build.0 = Debug|Any CPU
		{5A95803D-C887-47A4-B507-61848874FCC7}.Release|Any CPU.ActiveCfg = Release|Any CPU
		{5A95803D-C887-47A4-B507-61848874FCC7}.Release|Any CPU.Build.0 = Release|Any CPU
		{F4429CF6-C712-4BFF-AB08-29B669A4B9AD}.Debug|Any CPU.ActiveCfg = Debug|Any CPU
		{F4429CF6-C712-4BFF-AB08-29B669A4B9AD}.Debug|Any CPU.Build.0 = Debug|Any CPU
		{F4429CF6-C712-4BFF-AB08-29B669A4B9AD}.Release|Any CPU.ActiveCfg = Release|Any CPU
		{F4429CF6-C712-4BFF-AB08-29B669A4B9AD}.Release|Any CPU.Build.0 = Release|Any CPU
		{F2E3E6FF-9FB1-481A-82C4-7D0740AD1D68}.Debug|Any CPU.ActiveCfg = Debug|Any CPU
		{F2E3E6FF-9FB1-481A-82C4-7D0740AD1D68}.Debug|Any CPU.Build.0 = Debug|Any CPU
		{F2E3E6FF-9FB1-481A-82C4-7D0740AD1D68}.Release|Any CPU.ActiveCfg = Release|Any CPU
		{F2E3E6FF-9FB1-481A-82C4-7D0740AD1D68}.Release|Any CPU.Build.0 = Release|Any CPU
		{02A8EF13-BE56-4317-A740-BE18ADA6CFB8}.Debug|Any CPU.ActiveCfg = Debug|Any CPU
		{02A8EF13-BE56-4317-A740-BE18ADA6CFB8}.Debug|Any CPU.Build.0 = Debug|Any CPU
		{02A8EF13-BE56-4317-A740-BE18ADA6CFB8}.Release|Any CPU.ActiveCfg = Release|Any CPU
		{02A8EF13-BE56-4317-A740-BE18ADA6CFB8}.Release|Any CPU.Build.0 = Release|Any CPU
		{3CE233EB-B9BF-4207-8706-2FE989095B04}.Debug|Any CPU.ActiveCfg = Debug|Any CPU
		{3CE233EB-B9BF-4207-8706-2FE989095B04}.Debug|Any CPU.Build.0 = Debug|Any CPU
		{3CE233EB-B9BF-4207-8706-2FE989095B04}.Release|Any CPU.ActiveCfg = Release|Any CPU
		{3CE233EB-B9BF-4207-8706-2FE989095B04}.Release|Any CPU.Build.0 = Release|Any CPU
	EndGlobalSection
EndGlobal
