
Microsoft Visual Studio Solution File, Format Version 12.00
Project("{FAE04EC0-301F-11D3-BF4B-00C04F79EFBC}") = "day1", "day1\day1.csproj", "{F554AED7-E1D2-4E31-83D2-9F678D891E50}"
EndProject
Project("{FAE04EC0-301F-11D3-BF4B-00C04F79EFBC}") = "day2", "day2\day2.csproj", "{5AFAAC74-F00A-4753-9165-3AB73FB7EBE8}"
EndProject
Project("{FAE04EC0-301F-11D3-BF4B-00C04F79EFBC}") = "day3", "day3\day3.csproj", "{D9422ED7-0D94-4E86-9E8A-BFFC2A45A92F}"
EndProject
Project("{FAE04EC0-301F-11D3-BF4B-00C04F79EFBC}") = "day4", "day4\day4.csproj", "{44ADD7BE-A097-480F-B961-372DEC297CE0}"
EndProject
Project("{FAE04EC0-301F-11D3-BF4B-00C04F79EFBC}") = "day5", "day5\day5.csproj", "{E5117985-E656-4D4A-893E-DA8766D712ED}"
EndProject
Global
	GlobalSection(SolutionConfigurationPlatforms) = preSolution
		Debug|Any CPU = Debug|Any CPU
		Release|Any CPU = Release|Any CPU
	EndGlobalSection
	GlobalSection(ProjectConfigurationPlatforms) = postSolution
		{F554AED7-E1D2-4E31-83D2-9F678D891E50}.Debug|Any CPU.ActiveCfg = Debug|Any CPU
		{F554AED7-E1D2-4E31-83D2-9F678D891E50}.Debug|Any CPU.Build.0 = Debug|Any CPU
		{F554AED7-E1D2-4E31-83D2-9F678D891E50}.Release|Any CPU.ActiveCfg = Release|Any CPU
		{F554AED7-E1D2-4E31-83D2-9F678D891E50}.Release|Any CPU.Build.0 = Release|Any CPU
		{5AFAAC74-F00A-4753-9165-3AB73FB7EBE8}.Debug|Any CPU.ActiveCfg = Debug|Any CPU
		{5AFAAC74-F00A-4753-9165-3AB73FB7EBE8}.Debug|Any CPU.Build.0 = Debug|Any CPU
		{5AFAAC74-F00A-4753-9165-3AB73FB7EBE8}.Release|Any CPU.ActiveCfg = Release|Any CPU
		{5AFAAC74-F00A-4753-9165-3AB73FB7EBE8}.Release|Any CPU.Build.0 = Release|Any CPU
		{D9422ED7-0D94-4E86-9E8A-BFFC2A45A92F}.Debug|Any CPU.ActiveCfg = Debug|Any CPU
		{D9422ED7-0D94-4E86-9E8A-BFFC2A45A92F}.Debug|Any CPU.Build.0 = Debug|Any CPU
		{D9422ED7-0D94-4E86-9E8A-BFFC2A45A92F}.Release|Any CPU.ActiveCfg = Release|Any CPU
		{D9422ED7-0D94-4E86-9E8A-BFFC2A45A92F}.Release|Any CPU.Build.0 = Release|Any CPU
		{44ADD7BE-A097-480F-B961-372DEC297CE0}.Debug|Any CPU.ActiveCfg = Debug|Any CPU
		{44ADD7BE-A097-480F-B961-372DEC297CE0}.Debug|Any CPU.Build.0 = Debug|Any CPU
		{44ADD7BE-A097-480F-B961-372DEC297CE0}.Release|Any CPU.ActiveCfg = Release|Any CPU
		{44ADD7BE-A097-480F-B961-372DEC297CE0}.Release|Any CPU.Build.0 = Release|Any CPU
		{E5117985-E656-4D4A-893E-DA8766D712ED}.Debug|Any CPU.ActiveCfg = Debug|Any CPU
		{E5117985-E656-4D4A-893E-DA8766D712ED}.Debug|Any CPU.Build.0 = Debug|Any CPU
		{E5117985-E656-4D4A-893E-DA8766D712ED}.Release|Any CPU.ActiveCfg = Release|Any CPU
		{E5117985-E656-4D4A-893E-DA8766D712ED}.Release|Any CPU.Build.0 = Release|Any CPU
	EndGlobalSection
EndGlobal
