# This file is automatically @generated by Cargo.
# It is not intended for manual editing.
version = 4

[[package]]
name = "aoc-rust"
version = "0.1.0"
dependencies = [
 "read-stdin",
]

[[package]]
name = "read-stdin"
version = "1.1.1"
source = "registry+https://github.com/rust-lang/crates.io-index"
checksum = "5ad612fd0f19a9d97ef34e4aaf208e035adce357667b2584ab24a0a90b1272a0"
